
Microsoft Visual Studio Solution File, Format Version 12.00
# Visual Studio Version 17
VisualStudioVersion = 17.2.32526.322
MinimumVisualStudioVersion = 10.0.40219.1
Project("{9A19103F-16F7-4668-BE54-9A1E7A4F7556}") = "BlazorFullStackCRUD.Server", "Server\BlazorFullStackCRUD.Server.csproj", "{393A6801-C846-4D05-A347-C91C1F7E7E3D}"
EndProject
Project("{9A19103F-16F7-4668-BE54-9A1E7A4F7556}") = "BlazorFullStackCRUD.Client", "Client\BlazorFullStackCRUD.Client.csproj", "{13B133BD-0723-4777-8FD6-555A0735D7D9}"
EndProject
Project("{9A19103F-16F7-4668-BE54-9A1E7A4F7556}") = "BlazorFullStackCRUD.Shared", "Shared\BlazorFullStackCRUD.Shared.csproj", "{9E01053B-B3DF-4290-905C-A09FA1B7A43B}"
EndProject
Global
	GlobalSection(SolutionConfigurationPlatforms) = preSolution
		Debug|Any CPU = Debug|Any CPU
		Release|Any CPU = Release|Any CPU
	EndGlobalSection
	GlobalSection(ProjectConfigurationPlatforms) = postSolution
		{393A6801-C846-4D05-A347-C91C1F7E7E3D}.Debug|Any CPU.ActiveCfg = Debug|Any CPU
		{393A6801-C846-4D05-A347-C91C1F7E7E3D}.Debug|Any CPU.Build.0 = Debug|Any CPU
		{393A6801-C846-4D05-A347-C91C1F7E7E3D}.Release|Any CPU.ActiveCfg = Release|Any CPU
		{393A6801-C846-4D05-A347-C91C1F7E7E3D}.Release|Any CPU.Build.0 = Release|Any CPU
		{13B133BD-0723-4777-8FD6-555A0735D7D9}.Debug|Any CPU.ActiveCfg = Debug|Any CPU
		{13B133BD-0723-4777-8FD6-555A0735D7D9}.Debug|Any CPU.Build.0 = Debug|Any CPU
		{13B133BD-0723-4777-8FD6-555A0735D7D9}.Release|Any CPU.ActiveCfg = Release|Any CPU
		{13B133BD-0723-4777-8FD6-555A0735D7D9}.Release|Any CPU.Build.0 = Release|Any CPU
		{9E01053B-B3DF-4290-905C-A09FA1B7A43B}.Debug|Any CPU.ActiveCfg = Debug|Any CPU
		{9E01053B-B3DF-4290-905C-A09FA1B7A43B}.Debug|Any CPU.Build.0 = Debug|Any CPU
		{9E01053B-B3DF-4290-905C-A09FA1B7A43B}.Release|Any CPU.ActiveCfg = Release|Any CPU
		{9E01053B-B3DF-4290-905C-A09FA1B7A43B}.Release|Any CPU.Build.0 = Release|Any CPU
	EndGlobalSection
	GlobalSection(SolutionProperties) = preSolution
		HideSolutionNode = FALSE
	EndGlobalSection
	GlobalSection(ExtensibilityGlobals) = postSolution
		SolutionGuid = {DA7F18AA-7835-4499-BF0D-B3EC5C02FBCC}
	EndGlobalSection
EndGlobal
